// !$*UTF8*$!
{
	archiveVersion = 1;
	classes = {
	};
	objectVersion = 56;
	objects = {

/* Begin PBXBuildFile section */
		670B026729C4323500FE6C2D /* Metal.framework in Frameworks */ = {isa = PBXBuildFile; fileRef = 670B026529C4323500FE6C2D /* Metal.framework */; };
		670B026829C4323500FE6C2D /* MetalKit.framework in Frameworks */ = {isa = PBXBuildFile; fileRef = 670B026629C4323500FE6C2D /* MetalKit.framework */; };
		670B026A29C4324200FE6C2D /* Foundation.framework in Frameworks */ = {isa = PBXBuildFile; fileRef = 670B026929C4324200FE6C2D /* Foundation.framework */; };
		670B028129C47E5800FE6C2D /* metal-cpp.cpp in Sources */ = {isa = PBXBuildFile; fileRef = 670B027F29C47E5800FE6C2D /* metal-cpp.cpp */; };
/* End PBXBuildFile section */

/* Begin PBXCopyFilesBuildPhase section */
		670B025829C4322500FE6C2D /* CopyFiles */ = {
			isa = PBXCopyFilesBuildPhase;
			buildActionMask = 2147483647;
			dstPath = /usr/share/man/man1/;
			dstSubfolderSpec = 0;
			files = (
			);
			runOnlyForDeploymentPostprocessing = 1;
		};
/* End PBXCopyFilesBuildPhase section */

/* Begin PBXFileReference section */
		670B025A29C4322500FE6C2D /* metalFLIP */ = {isa = PBXFileReference; explicitFileType = "compiled.mach-o.executable"; includeInIndex = 0; path = metalFLIP; sourceTree = BUILT_PRODUCTS_DIR; };
		670B026529C4323500FE6C2D /* Metal.framework */ = {isa = PBXFileReference; lastKnownFileType = wrapper.framework; name = Metal.framework; path = System/Library/Frameworks/Metal.framework; sourceTree = SDKROOT; };
		670B026629C4323500FE6C2D /* MetalKit.framework */ = {isa = PBXFileReference; lastKnownFileType = wrapper.framework; name = MetalKit.framework; path = System/Library/Frameworks/MetalKit.framework; sourceTree = SDKROOT; };
		670B026929C4324200FE6C2D /* Foundation.framework */ = {isa = PBXFileReference; lastKnownFileType = wrapper.framework; name = Foundation.framework; path = System/Library/Frameworks/Foundation.framework; sourceTree = SDKROOT; };
		670B027F29C47E5800FE6C2D /* metal-cpp.cpp */ = {isa = PBXFileReference; lastKnownFileType = sourcecode.cpp.cpp; path = "metal-cpp.cpp"; sourceTree = "<group>"; };
		670B028029C47E5800FE6C2D /* metal-cpp.hpp */ = {isa = PBXFileReference; lastKnownFileType = sourcecode.cpp.h; path = "metal-cpp.hpp"; sourceTree = "<group>"; };
		670B028329C47FC200FE6C2D /* metal-cpp */ = {isa = PBXFileReference; lastKnownFileType = folder; path = "metal-cpp"; sourceTree = "<group>"; };
		670B028A29C47FC200FE6C2D /* metal-cpp-extensions */ = {isa = PBXFileReference; lastKnownFileType = folder; path = "metal-cpp-extensions"; sourceTree = "<group>"; };
		670B029729C480D500FE6C2D /* eigen-3.4.0 */ = {isa = PBXFileReference; lastKnownFileType = folder; path = "eigen-3.4.0"; sourceTree = "<group>"; };
		670B029829C480DD00FE6C2D /* mylib */ = {isa = PBXFileReference; lastKnownFileType = folder; path = mylib; sourceTree = "<group>"; };
/* End PBXFileReference section */

/* Begin PBXFrameworksBuildPhase section */
		670B025729C4322500FE6C2D /* Frameworks */ = {
			isa = PBXFrameworksBuildPhase;
			buildActionMask = 2147483647;
			files = (
				670B026A29C4324200FE6C2D /* Foundation.framework in Frameworks */,
				670B026729C4323500FE6C2D /* Metal.framework in Frameworks */,
				670B026829C4323500FE6C2D /* MetalKit.framework in Frameworks */,
			);
			runOnlyForDeploymentPostprocessing = 0;
		};
/* End PBXFrameworksBuildPhase section */

/* Begin PBXGroup section */
		670B025129C4322500FE6C2D = {
			isa = PBXGroup;
			children = (
				670B025C29C4322500FE6C2D /* metalFLIP */,
				670B025B29C4322500FE6C2D /* Products */,
				670B026429C4323500FE6C2D /* Frameworks */,
				670B026B29C4329900FE6C2D /* lib */,
			);
			sourceTree = "<group>";
		};
		670B025B29C4322500FE6C2D /* Products */ = {
			isa = PBXGroup;
			children = (
				670B025A29C4322500FE6C2D /* metalFLIP */,
			);
			name = Products;
			sourceTree = "<group>";
		};
		670B025C29C4322500FE6C2D /* metalFLIP */ = {
			isa = PBXGroup;
			children = (
				670B027F29C47E5800FE6C2D /* metal-cpp.cpp */,
				670B028029C47E5800FE6C2D /* metal-cpp.hpp */,
			);
			path = metalFLIP;
			sourceTree = "<group>";
		};
		670B026429C4323500FE6C2D /* Frameworks */ = {
			isa = PBXGroup;
			children = (
				670B026929C4324200FE6C2D /* Foundation.framework */,
				670B026529C4323500FE6C2D /* Metal.framework */,
				670B026629C4323500FE6C2D /* MetalKit.framework */,
			);
			name = Frameworks;
			sourceTree = "<group>";
		};
		670B026B29C4329900FE6C2D /* lib */ = {
			isa = PBXGroup;
			children = (
				670B029829C480DD00FE6C2D /* mylib */,
				670B029729C480D500FE6C2D /* eigen-3.4.0 */,
				670B028329C47FC200FE6C2D /* metal-cpp */,
				670B028A29C47FC200FE6C2D /* metal-cpp-extensions */,
			);
			path = lib;
			sourceTree = "<group>";
		};
/* End PBXGroup section */

/* Begin PBXNativeTarget section */
		670B025929C4322500FE6C2D /* metalFLIP */ = {
			isa = PBXNativeTarget;
			buildConfigurationList = 670B026129C4322500FE6C2D /* Build configuration list for PBXNativeTarget "metalFLIP" */;
			buildPhases = (
				670B025629C4322500FE6C2D /* Sources */,
				670B025729C4322500FE6C2D /* Frameworks */,
				670B025829C4322500FE6C2D /* CopyFiles */,
			);
			buildRules = (
			);
			dependencies = (
			);
			name = metalFLIP;
			productName = metalFLIP;
			productReference = 670B025A29C4322500FE6C2D /* metalFLIP */;
			productType = "com.apple.product-type.tool";
		};
/* End PBXNativeTarget section */

/* Begin PBXProject section */
		670B025229C4322500FE6C2D /* Project object */ = {
			isa = PBXProject;
			attributes = {
				BuildIndependentTargetsInParallel = 1;
				LastUpgradeCheck = 1420;
				TargetAttributes = {
					670B025929C4322500FE6C2D = {
						CreatedOnToolsVersion = 14.2;
					};
				};
			};
			buildConfigurationList = 670B025529C4322500FE6C2D /* Build configuration list for PBXProject "metalFLIP" */;
			compatibilityVersion = "Xcode 14.0";
			developmentRegion = en;
			hasScannedForEncodings = 0;
			knownRegions = (
				en,
				Base,
			);
			mainGroup = 670B025129C4322500FE6C2D;
			productRefGroup = 670B025B29C4322500FE6C2D /* Products */;
			projectDirPath = "";
			projectRoot = "";
			targets = (
				670B025929C4322500FE6C2D /* metalFLIP */,
			);
		};
/* End PBXProject section */

/* Begin PBXSourcesBuildPhase section */
		670B025629C4322500FE6C2D /* Sources */ = {
			isa = PBXSourcesBuildPhase;
			buildActionMask = 2147483647;
			files = (
				670B028129C47E5800FE6C2D /* metal-cpp.cpp in Sources */,
			);
			runOnlyForDeploymentPostprocessing = 0;
		};
/* End PBXSourcesBuildPhase section */

/* Begin XCBuildConfiguration section */
		670B025F29C4322500FE6C2D /* Debug */ = {
			isa = XCBuildConfiguration;
			buildSettings = {
				ALWAYS_SEARCH_USER_PATHS = NO;
				CLANG_ANALYZER_NONNULL = YES;
				CLANG_ANALYZER_NUMBER_OBJECT_CONVERSION = YES_AGGRESSIVE;
				CLANG_CXX_LANGUAGE_STANDARD = "c++20";
				CLANG_ENABLE_MODULES = YES;
				CLANG_ENABLE_OBJC_ARC = YES;
				CLANG_ENABLE_OBJC_WEAK = YES;
				CLANG_WARN_BLOCK_CAPTURE_AUTORELEASING = YES;
				CLANG_WARN_BOOL_CONVERSION = YES;
				CLANG_WARN_COMMA = YES;
				CLANG_WARN_CONSTANT_CONVERSION = YES;
				CLANG_WARN_DEPRECATED_OBJC_IMPLEMENTATIONS = YES;
				CLANG_WARN_DIRECT_OBJC_ISA_USAGE = YES_ERROR;
				CLANG_WARN_DOCUMENTATION_COMMENTS = YES;
				CLANG_WARN_EMPTY_BODY = YES;
				CLANG_WARN_ENUM_CONVERSION = YES;
				CLANG_WARN_INFINITE_RECURSION = YES;
				CLANG_WARN_INT_CONVERSION = YES;
				CLANG_WARN_NON_LITERAL_NULL_CONVERSION = YES;
				CLANG_WARN_OBJC_IMPLICIT_RETAIN_SELF = YES;
				CLANG_WARN_OBJC_LITERAL_CONVERSION = YES;
				CLANG_WARN_OBJC_ROOT_CLASS = YES_ERROR;
				CLANG_WARN_QUOTED_INCLUDE_IN_FRAMEWORK_HEADER = YES;
				CLANG_WARN_RANGE_LOOP_ANALYSIS = YES;
				CLANG_WARN_STRICT_PROTOTYPES = YES;
				CLANG_WARN_SUSPICIOUS_MOVE = YES;
				CLANG_WARN_UNGUARDED_AVAILABILITY = YES_AGGRESSIVE;
				CLANG_WARN_UNREACHABLE_CODE = YES;
				CLANG_WARN__DUPLICATE_METHOD_MATCH = YES;
				COPY_PHASE_STRIP = NO;
				DEBUG_INFORMATION_FORMAT = dwarf;
				ENABLE_STRICT_OBJC_MSGSEND = YES;
				ENABLE_TESTABILITY = YES;
				GCC_C_LANGUAGE_STANDARD = gnu11;
				GCC_DYNAMIC_NO_PIC = NO;
				GCC_NO_COMMON_BLOCKS = YES;
				GCC_OPTIMIZATION_LEVEL = 0;
				GCC_PREPROCESSOR_DEFINITIONS = (
					"DEBUG=1",
					"$(inherited)",
				);
				GCC_WARN_64_TO_32_BIT_CONVERSION = YES;
				GCC_WARN_ABOUT_RETURN_TYPE = YES_ERROR;
				GCC_WARN_UNDECLARED_SELECTOR = YES;
				GCC_WARN_UNINITIALIZED_AUTOS = YES_AGGRESSIVE;
				GCC_WARN_UNUSED_FUNCTION = YES;
				GCC_WARN_UNUSED_VARIABLE = YES;
				MACOSX_DEPLOYMENT_TARGET = 13.1;
				MTL_ENABLE_DEBUG_INFO = INCLUDE_SOURCE;
				MTL_FAST_MATH = YES;
				ONLY_ACTIVE_ARCH = YES;
				SDKROOT = macosx;
			};
			name = Debug;
		};
		670B026029C4322500FE6C2D /* Release */ = {
			isa = XCBuildConfiguration;
			buildSettings = {
				ALWAYS_SEARCH_USER_PATHS = NO;
				CLANG_ANALYZER_NONNULL = YES;
				CLANG_ANALYZER_NUMBER_OBJECT_CONVERSION = YES_AGGRESSIVE;
				CLANG_CXX_LANGUAGE_STANDARD = "c++20";
				CLANG_ENABLE_MODULES = YES;
				CLANG_ENABLE_OBJC_ARC = YES;
				CLANG_ENABLE_OBJC_WEAK = YES;
				CLANG_WARN_BLOCK_CAPTURE_AUTORELEASING = YES;
				CLANG_WARN_BOOL_CONVERSION = YES;
				CLANG_WARN_COMMA = YES;
				CLANG_WARN_CONSTANT_CONVERSION = YES;
				CLANG_WARN_DEPRECATED_OBJC_IMPLEMENTATIONS = YES;
				CLANG_WARN_DIRECT_OBJC_ISA_USAGE = YES_ERROR;
				CLANG_WARN_DOCUMENTATION_COMMENTS = YES;
				CLANG_WARN_EMPTY_BODY = YES;
				CLANG_WARN_ENUM_CONVERSION = YES;
				CLANG_WARN_INFINITE_RECURSION = YES;
				CLANG_WARN_INT_CONVERSION = YES;
				CLANG_WARN_NON_LITERAL_NULL_CONVERSION = YES;
				CLANG_WARN_OBJC_IMPLICIT_RETAIN_SELF = YES;
				CLANG_WARN_OBJC_LITERAL_CONVERSION = YES;
				CLANG_WARN_OBJC_ROOT_CLASS = YES_ERROR;
				CLANG_WARN_QUOTED_INCLUDE_IN_FRAMEWORK_HEADER = YES;
				CLANG_WARN_RANGE_LOOP_ANALYSIS = YES;
				CLANG_WARN_STRICT_PROTOTYPES = YES;
				CLANG_WARN_SUSPICIOUS_MOVE = YES;
				CLANG_WARN_UNGUARDED_AVAILABILITY = YES_AGGRESSIVE;
				CLANG_WARN_UNREACHABLE_CODE = YES;
				CLANG_WARN__DUPLICATE_METHOD_MATCH = YES;
				COPY_PHASE_STRIP = NO;
				DEBUG_INFORMATION_FORMAT = "dwarf-with-dsym";
				ENABLE_NS_ASSERTIONS = NO;
				ENABLE_STRICT_OBJC_MSGSEND = YES;
				GCC_C_LANGUAGE_STANDARD = gnu11;
				GCC_NO_COMMON_BLOCKS = YES;
				GCC_WARN_64_TO_32_BIT_CONVERSION = YES;
				GCC_WARN_ABOUT_RETURN_TYPE = YES_ERROR;
				GCC_WARN_UNDECLARED_SELECTOR = YES;
				GCC_WARN_UNINITIALIZED_AUTOS = YES_AGGRESSIVE;
				GCC_WARN_UNUSED_FUNCTION = YES;
				GCC_WARN_UNUSED_VARIABLE = YES;
				MACOSX_DEPLOYMENT_TARGET = 13.1;
				MTL_ENABLE_DEBUG_INFO = NO;
				MTL_FAST_MATH = YES;
				SDKROOT = macosx;
			};
			name = Release;
		};
		670B026229C4322500FE6C2D /* Debug */ = {
			isa = XCBuildConfiguration;
			buildSettings = {
				CODE_SIGN_STYLE = Automatic;
				DEVELOPMENT_TEAM = UHN7NN92K6;
				ENABLE_HARDENED_RUNTIME = YES;
				HEADER_SEARCH_PATHS = (
					"\"$(SRCROOT)/lib/eigen-3.4.0\"",
					"\"$(SRCROOT)/lib/metal-cpp\"",
					"\"$(SRCROOT)/lib/metal-cpp-extensions\"",
					"\"$(SRCROOT)/lib/mylib\"",
				);
				PRODUCT_NAME = "$(TARGET_NAME)";
			};
			name = Debug;
		};
		670B026329C4322500FE6C2D /* Release */ = {
			isa = XCBuildConfiguration;
			buildSettings = {
				CODE_SIGN_STYLE = Automatic;
				DEVELOPMENT_TEAM = UHN7NN92K6;
				ENABLE_HARDENED_RUNTIME = YES;
				HEADER_SEARCH_PATHS = (
					"\"$(SRCROOT)/lib/eigen-3.4.0\"",
					"\"$(SRCROOT)/lib/metal-cpp\"",
					"\"$(SRCROOT)/lib/metal-cpp-extensions\"",
					"\"$(SRCROOT)/lib/mylib\"",
				);
				PRODUCT_NAME = "$(TARGET_NAME)";
			};
			name = Release;
		};
/* End XCBuildConfiguration section */

/* Begin XCConfigurationList section */
		670B025529C4322500FE6C2D /* Build configuration list for PBXProject "metalFLIP" */ = {
			isa = XCConfigurationList;
			buildConfigurations = (
				670B025F29C4322500FE6C2D /* Debug */,
				670B026029C4322500FE6C2D /* Release */,
			);
			defaultConfigurationIsVisible = 0;
			defaultConfigurationName = Release;
		};
		670B026129C4322500FE6C2D /* Build configuration list for PBXNativeTarget "metalFLIP" */ = {
			isa = XCConfigurationList;
			buildConfigurations = (
				670B026229C4322500FE6C2D /* Debug */,
				670B026329C4322500FE6C2D /* Release */,
			);
			defaultConfigurationIsVisible = 0;
			defaultConfigurationName = Release;
		};
/* End XCConfigurationList section */
	};
	rootObject = 670B025229C4322500FE6C2D /* Project object */;
}
